
Microsoft Visual Studio Solution File, Format Version 11.00
# Visual Studio 2010
Project("{FAE04EC0-301F-11D3-BF4B-00C04F79EFBC}") = "frc garbage", "Assembly-CSharp.csproj", "{1181302B-8C09-E516-35DA-6AAFC405452F}"
EndProject
Global
	GlobalSection(SolutionConfigurationPlatforms) = preSolution
		Debug|Any CPU = Debug|Any CPU
		Release|Any CPU = Release|Any CPU
	EndGlobalSection
	GlobalSection(ProjectConfigurationPlatforms) = postSolution
		{1181302B-8C09-E516-35DA-6AAFC405452F}.Debug|Any CPU.ActiveCfg = Debug|Any CPU
		{1181302B-8C09-E516-35DA-6AAFC405452F}.Debug|Any CPU.Build.0 = Debug|Any CPU
		{1181302B-8C09-E516-35DA-6AAFC405452F}.Release|Any CPU.ActiveCfg = Release|Any CPU
		{1181302B-8C09-E516-35DA-6AAFC405452F}.Release|Any CPU.Build.0 = Release|Any CPU
	EndGlobalSection
	GlobalSection(SolutionProperties) = preSolution
		HideSolutionNode = FALSE
	EndGlobalSection
	GlobalSection(MonoDevelopProperties) = preSolution
		StartupItem = Assembly-CSharp.csproj
	EndGlobalSection
EndGlobal
